
Microsoft Visual Studio Solution File, Format Version 12.00
# Visual Studio Version 17
VisualStudioVersion = 17.5.33414.496
MinimumVisualStudioVersion = 10.0.40219.1
Project("{FAE04EC0-301F-11D3-BF4B-00C04F79EFBC}") = "poo_app", "poo_app.csproj", "{8F7F8F41-5765-47C3-87CE-97055FEE766F}"
EndProject
Global
	GlobalSection(SolutionConfigurationPlatforms) = preSolution
		Debug|Any CPU = Debug|Any CPU
		Release|Any CPU = Release|Any CPU
	EndGlobalSection
	GlobalSection(ProjectConfigurationPlatforms) = postSolution
		{8F7F8F41-5765-47C3-87CE-97055FEE766F}.Debug|Any CPU.ActiveCfg = Debug|Any CPU
		{8F7F8F41-5765-47C3-87CE-97055FEE766F}.Debug|Any CPU.Build.0 = Debug|Any CPU
		{8F7F8F41-5765-47C3-87CE-97055FEE766F}.Release|Any CPU.ActiveCfg = Release|Any CPU
		{8F7F8F41-5765-47C3-87CE-97055FEE766F}.Release|Any CPU.Build.0 = Release|Any CPU
	EndGlobalSection
	GlobalSection(SolutionProperties) = preSolution
		HideSolutionNode = FALSE
	EndGlobalSection
	GlobalSection(ExtensibilityGlobals) = postSolution
		SolutionGuid = {C4B40C18-E68F-4E6A-8AE6-D7DC5FF166D7}
	EndGlobalSection
EndGlobal
